
Microsoft Visual Studio Solution File, Format Version 12.00
# Visual Studio 2015
Project("{FAE04EC0-301F-11D3-BF4B-00C04F79EFBC}") = "360Player", "360Player.csproj", "{EA16715F-B6AC-9978-2E87-7B8C95F43589}"
EndProject
Project("{FAE04EC0-301F-11D3-BF4B-00C04F79EFBC}") = "360Player.Editor", "360Player.Editor.csproj", "{13F495E4-81B5-AFF2-D077-DA6868F860B9}"
EndProject
Global
	GlobalSection(SolutionConfigurationPlatforms) = preSolution
		Debug|Any CPU = Debug|Any CPU
		Release|Any CPU = Release|Any CPU
	EndGlobalSection
	GlobalSection(ProjectConfigurationPlatforms) = postSolution
		{EA16715F-B6AC-9978-2E87-7B8C95F43589}.Debug|Any CPU.ActiveCfg = Debug|Any CPU
		{EA16715F-B6AC-9978-2E87-7B8C95F43589}.Debug|Any CPU.Build.0 = Debug|Any CPU
		{EA16715F-B6AC-9978-2E87-7B8C95F43589}.Release|Any CPU.ActiveCfg = Release|Any CPU
		{EA16715F-B6AC-9978-2E87-7B8C95F43589}.Release|Any CPU.Build.0 = Release|Any CPU
		{13F495E4-81B5-AFF2-D077-DA6868F860B9}.Debug|Any CPU.ActiveCfg = Debug|Any CPU
		{13F495E4-81B5-AFF2-D077-DA6868F860B9}.Debug|Any CPU.Build.0 = Debug|Any CPU
		{13F495E4-81B5-AFF2-D077-DA6868F860B9}.Release|Any CPU.ActiveCfg = Release|Any CPU
		{13F495E4-81B5-AFF2-D077-DA6868F860B9}.Release|Any CPU.Build.0 = Release|Any CPU
	EndGlobalSection
	GlobalSection(SolutionProperties) = preSolution
		HideSolutionNode = FALSE
	EndGlobalSection
EndGlobal
